
Microsoft Visual Studio Solution File, Format Version 12.00
# Visual Studio 14
VisualStudioVersion = 14.0.24720.0
MinimumVisualStudioVersion = 10.0.40219.1
Project("{2150E333-8FDC-42A3-9474-1A3956D46DE8}") = "src", "src", "{BB5D1622-DA46-4299-BE2B-6F8BA6917754}"
EndProject
Project("{2150E333-8FDC-42A3-9474-1A3956D46DE8}") = "Solution Items", "Solution Items", "{C1BA3293-1ED4-4403-BB0F-D1F0A071B8B2}"
	ProjectSection(SolutionItems) = preProject
		global.json = global.json
	EndProjectSection
EndProject
Project("{8BB2217D-0F2D-49D1-97BC-3654ED321F3B}") = "ContosoBooks", "src\ContosoBooks\ContosoBooks.xproj", "{27298FE4-1D72-4A6E-BBBF-FED064240EF2}"
EndProject
Global
	GlobalSection(SolutionConfigurationPlatforms) = preSolution
		Debug|Any CPU = Debug|Any CPU
		Release|Any CPU = Release|Any CPU
	EndGlobalSection
	GlobalSection(ProjectConfigurationPlatforms) = postSolution
		{27298FE4-1D72-4A6E-BBBF-FED064240EF2}.Debug|Any CPU.ActiveCfg = Debug|Any CPU
		{27298FE4-1D72-4A6E-BBBF-FED064240EF2}.Debug|Any CPU.Build.0 = Debug|Any CPU
		{27298FE4-1D72-4A6E-BBBF-FED064240EF2}.Release|Any CPU.ActiveCfg = Release|Any CPU
		{27298FE4-1D72-4A6E-BBBF-FED064240EF2}.Release|Any CPU.Build.0 = Release|Any CPU
	EndGlobalSection
	GlobalSection(SolutionProperties) = preSolution
		HideSolutionNode = FALSE
	EndGlobalSection
	GlobalSection(NestedProjects) = preSolution
		{27298FE4-1D72-4A6E-BBBF-FED064240EF2} = {BB5D1622-DA46-4299-BE2B-6F8BA6917754}
	EndGlobalSection
EndGlobal
